{
  "requires": true,
  "lockfileVersion": 1,
  "dependencies": {
    "axios": {
      "version": "0.21.1",
      "resolved": "https://registry.npmjs.org/axios/-/axios-0.21.1.tgz",
      "integrity": "sha512-dKQiRHxGD9PPRIUNIWvZhPTPpl1rf/OxTYKsqKUDjBwYylTvV7SjSHJb9ratfyzM6wCdLCOYLzs73qpg5c4iGA==",
      "requires": {
        "follow-redirects": "^1.10.0"
      }
    },
    "follow-redirects": {
      "version": "1.13.3",
      "resolved": "https://registry.npmjs.org/follow-redirects/-/follow-redirects-1.13.3.tgz",
      "integrity": "sha512-DUgl6+HDzB0iEptNQEXLx/KhTmDb8tZUHSeLqpnjpknR70H0nC2t9N73BK6fN4hOvJ84pKlIQVQ4k5FFlBedKA=="
    },
    "react-editext": {
      "version": "3.17.2",
      "resolved": "https://registry.npmjs.org/react-editext/-/react-editext-3.17.2.tgz",
      "integrity": "sha512-hP7+3FWFE9jyDE9kF0vfNG2DR6511sngtxermLpUmea6OQm3ab0VisIG3vO4jPFF7GKzxac8+/fhGYb5kVeLvQ=="
    },
    "react-push-notification": {
      "version": "1.3.0",
      "resolved": "https://registry.npmjs.org/react-push-notification/-/react-push-notification-1.3.0.tgz",
      "integrity": "sha512-hyYKZqwtNOgRP74fAafVIivEr99vUtH0nDgcWkPKd302BhMuUMr5wuuEX236bSbCoM4nxlOge1m0CKIEtWBqLA=="
    }
  }
}
